
Microsoft Visual Studio Solution File, Format Version 12.00
# Visual Studio Version 16
VisualStudioVersion = 16.0.30907.101
MinimumVisualStudioVersion = 10.0.40219.1
Project("{FAE04EC0-301F-11D3-BF4B-00C04F79EFBC}") = "SpotifyReader", "SpotifyReader.csproj", "{CD0DEECE-DADB-499D-B384-8799DFC644BD}"
EndProject
Global
	GlobalSection(SolutionConfigurationPlatforms) = preSolution
		Debug|Any CPU = Debug|Any CPU
		Release|Any CPU = Release|Any CPU
	EndGlobalSection
	GlobalSection(ProjectConfigurationPlatforms) = postSolution
		{CD0DEECE-DADB-499D-B384-8799DFC644BD}.Debug|Any CPU.ActiveCfg = Debug|Any CPU
		{CD0DEECE-DADB-499D-B384-8799DFC644BD}.Debug|Any CPU.Build.0 = Debug|Any CPU
		{CD0DEECE-DADB-499D-B384-8799DFC644BD}.Release|Any CPU.ActiveCfg = Release|Any CPU
		{CD0DEECE-DADB-499D-B384-8799DFC644BD}.Release|Any CPU.Build.0 = Release|Any CPU
	EndGlobalSection
	GlobalSection(SolutionProperties) = preSolution
		HideSolutionNode = FALSE
	EndGlobalSection
	GlobalSection(ExtensibilityGlobals) = postSolution
		SolutionGuid = {1849616B-4849-4976-8724-A2BA251F12E7}
	EndGlobalSection
EndGlobal
